// !$*UTF8*$!
{
	archiveVersion = 1;
	classes = {
	};
	objectVersion = 56;
	objects = {

/* Begin PBXBuildFile section */
		46BB211C2A8EEAEA006CECB1 /* main.cpp in Sources */ = {isa = PBXBuildFile; fileRef = 46BB211B2A8EEAEA006CECB1 /* main.cpp */; };
		46BB21262A8EEB14006CECB1 /* SDL2_ttf.framework in Frameworks */ = {isa = PBXBuildFile; fileRef = 46BB21232A8EEB14006CECB1 /* SDL2_ttf.framework */; };
		46BB21282A8EEB14006CECB1 /* SDL2.framework in Frameworks */ = {isa = PBXBuildFile; fileRef = 46BB21242A8EEB14006CECB1 /* SDL2.framework */; };
		46BB212D2A8EEB1C006CECB1 /* SDL2_image.framework in Frameworks */ = {isa = PBXBuildFile; fileRef = 46BB21252A8EEB14006CECB1 /* SDL2_image.framework */; };
		46BB21372A8EED02006CECB1 /* game.cpp in Sources */ = {isa = PBXBuildFile; fileRef = 46BB21302A8EED02006CECB1 /* game.cpp */; };
		46BB21382A8EED02006CECB1 /* error.cpp in Sources */ = {isa = PBXBuildFile; fileRef = 46BB21322A8EED02006CECB1 /* error.cpp */; };
		46BB21392A8EED02006CECB1 /* object.cpp in Sources */ = {isa = PBXBuildFile; fileRef = 46BB21352A8EED02006CECB1 /* object.cpp */; };
		46BB213A2A8EED02006CECB1 /* texture_manager.cpp in Sources */ = {isa = PBXBuildFile; fileRef = 46BB21362A8EED02006CECB1 /* texture_manager.cpp */; };
		46BB213D2A8EEDCF006CECB1 /* menu.cpp in Sources */ = {isa = PBXBuildFile; fileRef = 46BB213B2A8EEDCF006CECB1 /* menu.cpp */; };
/* End PBXBuildFile section */

/* Begin PBXCopyFilesBuildPhase section */
		46BB21162A8EEAEA006CECB1 /* CopyFiles */ = {
			isa = PBXCopyFilesBuildPhase;
			buildActionMask = 2147483647;
			dstPath = /usr/share/man/man1/;
			dstSubfolderSpec = 0;
			files = (
			);
			runOnlyForDeploymentPostprocessing = 1;
		};
/* End PBXCopyFilesBuildPhase section */

/* Begin PBXFileReference section */
		46BB21182A8EEAEA006CECB1 /* SDL_scrollbox */ = {isa = PBXFileReference; explicitFileType = "compiled.mach-o.executable"; includeInIndex = 0; path = SDL_scrollbox; sourceTree = BUILT_PRODUCTS_DIR; };
		46BB211B2A8EEAEA006CECB1 /* main.cpp */ = {isa = PBXFileReference; lastKnownFileType = sourcecode.cpp.cpp; path = main.cpp; sourceTree = "<group>"; };
		46BB21232A8EEB14006CECB1 /* SDL2_ttf.framework */ = {isa = PBXFileReference; lastKnownFileType = wrapper.framework; name = SDL2_ttf.framework; path = ../../../../../Library/Frameworks/SDL2_ttf.framework; sourceTree = "<group>"; };
		46BB21242A8EEB14006CECB1 /* SDL2.framework */ = {isa = PBXFileReference; lastKnownFileType = wrapper.framework; name = SDL2.framework; path = ../../../../../Library/Frameworks/SDL2.framework; sourceTree = "<group>"; };
		46BB21252A8EEB14006CECB1 /* SDL2_image.framework */ = {isa = PBXFileReference; lastKnownFileType = wrapper.framework; name = SDL2_image.framework; path = ../../../../../Library/Frameworks/SDL2_image.framework; sourceTree = "<group>"; };
		46BB212F2A8EED02006CECB1 /* error.h */ = {isa = PBXFileReference; fileEncoding = 4; lastKnownFileType = sourcecode.c.h; path = error.h; sourceTree = "<group>"; };
		46BB21302A8EED02006CECB1 /* game.cpp */ = {isa = PBXFileReference; fileEncoding = 4; lastKnownFileType = sourcecode.cpp.cpp; path = game.cpp; sourceTree = "<group>"; };
		46BB21312A8EED02006CECB1 /* object.h */ = {isa = PBXFileReference; fileEncoding = 4; lastKnownFileType = sourcecode.c.h; path = object.h; sourceTree = "<group>"; };
		46BB21322A8EED02006CECB1 /* error.cpp */ = {isa = PBXFileReference; fileEncoding = 4; lastKnownFileType = sourcecode.cpp.cpp; path = error.cpp; sourceTree = "<group>"; };
		46BB21332A8EED02006CECB1 /* texture_manager.h */ = {isa = PBXFileReference; fileEncoding = 4; lastKnownFileType = sourcecode.c.h; path = texture_manager.h; sourceTree = "<group>"; };
		46BB21342A8EED02006CECB1 /* game.h */ = {isa = PBXFileReference; fileEncoding = 4; lastKnownFileType = sourcecode.c.h; path = game.h; sourceTree = "<group>"; };
		46BB21352A8EED02006CECB1 /* object.cpp */ = {isa = PBXFileReference; fileEncoding = 4; lastKnownFileType = sourcecode.cpp.cpp; path = object.cpp; sourceTree = "<group>"; };
		46BB21362A8EED02006CECB1 /* texture_manager.cpp */ = {isa = PBXFileReference; fileEncoding = 4; lastKnownFileType = sourcecode.cpp.cpp; path = texture_manager.cpp; sourceTree = "<group>"; };
		46BB213B2A8EEDCF006CECB1 /* menu.cpp */ = {isa = PBXFileReference; lastKnownFileType = sourcecode.cpp.cpp; path = menu.cpp; sourceTree = "<group>"; };
		46BB213C2A8EEDCF006CECB1 /* menu.h */ = {isa = PBXFileReference; lastKnownFileType = sourcecode.c.h; path = menu.h; sourceTree = "<group>"; };
/* End PBXFileReference section */

/* Begin PBXFrameworksBuildPhase section */
		46BB21152A8EEAEA006CECB1 /* Frameworks */ = {
			isa = PBXFrameworksBuildPhase;
			buildActionMask = 2147483647;
			files = (
				46BB212D2A8EEB1C006CECB1 /* SDL2_image.framework in Frameworks */,
				46BB21262A8EEB14006CECB1 /* SDL2_ttf.framework in Frameworks */,
				46BB21282A8EEB14006CECB1 /* SDL2.framework in Frameworks */,
			);
			runOnlyForDeploymentPostprocessing = 0;
		};
/* End PBXFrameworksBuildPhase section */

/* Begin PBXGroup section */
		46BB210F2A8EEAEA006CECB1 = {
			isa = PBXGroup;
			children = (
				46BB211A2A8EEAEA006CECB1 /* SDL_scrollbox */,
				46BB21192A8EEAEA006CECB1 /* Products */,
				46BB21222A8EEB14006CECB1 /* Frameworks */,
			);
			sourceTree = "<group>";
		};
		46BB21192A8EEAEA006CECB1 /* Products */ = {
			isa = PBXGroup;
			children = (
				46BB21182A8EEAEA006CECB1 /* SDL_scrollbox */,
			);
			name = Products;
			sourceTree = "<group>";
		};
		46BB211A2A8EEAEA006CECB1 /* SDL_scrollbox */ = {
			isa = PBXGroup;
			children = (
				46BB21322A8EED02006CECB1 /* error.cpp */,
				46BB212F2A8EED02006CECB1 /* error.h */,
				46BB21302A8EED02006CECB1 /* game.cpp */,
				46BB21342A8EED02006CECB1 /* game.h */,
				46BB21352A8EED02006CECB1 /* object.cpp */,
				46BB21312A8EED02006CECB1 /* object.h */,
				46BB21362A8EED02006CECB1 /* texture_manager.cpp */,
				46BB21332A8EED02006CECB1 /* texture_manager.h */,
				46BB211B2A8EEAEA006CECB1 /* main.cpp */,
				46BB213B2A8EEDCF006CECB1 /* menu.cpp */,
				46BB213C2A8EEDCF006CECB1 /* menu.h */,
			);
			path = SDL_scrollbox;
			sourceTree = "<group>";
		};
		46BB21222A8EEB14006CECB1 /* Frameworks */ = {
			isa = PBXGroup;
			children = (
				46BB21252A8EEB14006CECB1 /* SDL2_image.framework */,
				46BB21232A8EEB14006CECB1 /* SDL2_ttf.framework */,
				46BB21242A8EEB14006CECB1 /* SDL2.framework */,
			);
			name = Frameworks;
			sourceTree = "<group>";
		};
/* End PBXGroup section */

/* Begin PBXNativeTarget section */
		46BB21172A8EEAEA006CECB1 /* SDL_scrollbox */ = {
			isa = PBXNativeTarget;
			buildConfigurationList = 46BB211F2A8EEAEA006CECB1 /* Build configuration list for PBXNativeTarget "SDL_scrollbox" */;
			buildPhases = (
				46BB21142A8EEAEA006CECB1 /* Sources */,
				46BB21152A8EEAEA006CECB1 /* Frameworks */,
				46BB21162A8EEAEA006CECB1 /* CopyFiles */,
			);
			buildRules = (
			);
			dependencies = (
			);
			name = SDL_scrollbox;
			productName = SDL_scrollbox;
			productReference = 46BB21182A8EEAEA006CECB1 /* SDL_scrollbox */;
			productType = "com.apple.product-type.tool";
		};
/* End PBXNativeTarget section */

/* Begin PBXProject section */
		46BB21102A8EEAEA006CECB1 /* Project object */ = {
			isa = PBXProject;
			attributes = {
				BuildIndependentTargetsInParallel = 1;
				LastUpgradeCheck = 1430;
				TargetAttributes = {
					46BB21172A8EEAEA006CECB1 = {
						CreatedOnToolsVersion = 14.3.1;
					};
				};
			};
			buildConfigurationList = 46BB21132A8EEAEA006CECB1 /* Build configuration list for PBXProject "SDL_scrollbox" */;
			compatibilityVersion = "Xcode 14.0";
			developmentRegion = en;
			hasScannedForEncodings = 0;
			knownRegions = (
				en,
				Base,
			);
			mainGroup = 46BB210F2A8EEAEA006CECB1;
			productRefGroup = 46BB21192A8EEAEA006CECB1 /* Products */;
			projectDirPath = "";
			projectRoot = "";
			targets = (
				46BB21172A8EEAEA006CECB1 /* SDL_scrollbox */,
			);
		};
/* End PBXProject section */

/* Begin PBXSourcesBuildPhase section */
		46BB21142A8EEAEA006CECB1 /* Sources */ = {
			isa = PBXSourcesBuildPhase;
			buildActionMask = 2147483647;
			files = (
				46BB211C2A8EEAEA006CECB1 /* main.cpp in Sources */,
				46BB21372A8EED02006CECB1 /* game.cpp in Sources */,
				46BB213D2A8EEDCF006CECB1 /* menu.cpp in Sources */,
				46BB21392A8EED02006CECB1 /* object.cpp in Sources */,
				46BB213A2A8EED02006CECB1 /* texture_manager.cpp in Sources */,
				46BB21382A8EED02006CECB1 /* error.cpp in Sources */,
			);
			runOnlyForDeploymentPostprocessing = 0;
		};
/* End PBXSourcesBuildPhase section */

/* Begin XCBuildConfiguration section */
		46BB211D2A8EEAEA006CECB1 /* Debug */ = {
			isa = XCBuildConfiguration;
			buildSettings = {
				ALWAYS_SEARCH_USER_PATHS = NO;
				CLANG_ANALYZER_NONNULL = YES;
				CLANG_ANALYZER_NUMBER_OBJECT_CONVERSION = YES_AGGRESSIVE;
				CLANG_CXX_LANGUAGE_STANDARD = "gnu++20";
				CLANG_ENABLE_MODULES = YES;
				CLANG_ENABLE_OBJC_ARC = YES;
				CLANG_ENABLE_OBJC_WEAK = YES;
				CLANG_WARN_BLOCK_CAPTURE_AUTORELEASING = YES;
				CLANG_WARN_BOOL_CONVERSION = YES;
				CLANG_WARN_COMMA = YES;
				CLANG_WARN_CONSTANT_CONVERSION = YES;
				CLANG_WARN_DEPRECATED_OBJC_IMPLEMENTATIONS = YES;
				CLANG_WARN_DIRECT_OBJC_ISA_USAGE = YES_ERROR;
				CLANG_WARN_DOCUMENTATION_COMMENTS = YES;
				CLANG_WARN_EMPTY_BODY = YES;
				CLANG_WARN_ENUM_CONVERSION = YES;
				CLANG_WARN_INFINITE_RECURSION = YES;
				CLANG_WARN_INT_CONVERSION = YES;
				CLANG_WARN_NON_LITERAL_NULL_CONVERSION = YES;
				CLANG_WARN_OBJC_IMPLICIT_RETAIN_SELF = YES;
				CLANG_WARN_OBJC_LITERAL_CONVERSION = YES;
				CLANG_WARN_OBJC_ROOT_CLASS = YES_ERROR;
				CLANG_WARN_QUOTED_INCLUDE_IN_FRAMEWORK_HEADER = YES;
				CLANG_WARN_RANGE_LOOP_ANALYSIS = YES;
				CLANG_WARN_STRICT_PROTOTYPES = YES;
				CLANG_WARN_SUSPICIOUS_MOVE = YES;
				CLANG_WARN_UNGUARDED_AVAILABILITY = YES_AGGRESSIVE;
				CLANG_WARN_UNREACHABLE_CODE = YES;
				CLANG_WARN__DUPLICATE_METHOD_MATCH = YES;
				COPY_PHASE_STRIP = NO;
				DEBUG_INFORMATION_FORMAT = dwarf;
				ENABLE_STRICT_OBJC_MSGSEND = YES;
				ENABLE_TESTABILITY = YES;
				GCC_C_LANGUAGE_STANDARD = gnu11;
				GCC_DYNAMIC_NO_PIC = NO;
				GCC_NO_COMMON_BLOCKS = YES;
				GCC_OPTIMIZATION_LEVEL = 0;
				GCC_PREPROCESSOR_DEFINITIONS = (
					"DEBUG=1",
					"$(inherited)",
				);
				GCC_WARN_64_TO_32_BIT_CONVERSION = YES;
				GCC_WARN_ABOUT_RETURN_TYPE = YES_ERROR;
				GCC_WARN_UNDECLARED_SELECTOR = YES;
				GCC_WARN_UNINITIALIZED_AUTOS = YES_AGGRESSIVE;
				GCC_WARN_UNUSED_FUNCTION = YES;
				GCC_WARN_UNUSED_VARIABLE = YES;
				MACOSX_DEPLOYMENT_TARGET = 13.3;
				MTL_ENABLE_DEBUG_INFO = INCLUDE_SOURCE;
				MTL_FAST_MATH = YES;
				ONLY_ACTIVE_ARCH = YES;
				SDKROOT = macosx;
			};
			name = Debug;
		};
		46BB211E2A8EEAEA006CECB1 /* Release */ = {
			isa = XCBuildConfiguration;
			buildSettings = {
				ALWAYS_SEARCH_USER_PATHS = NO;
				CLANG_ANALYZER_NONNULL = YES;
				CLANG_ANALYZER_NUMBER_OBJECT_CONVERSION = YES_AGGRESSIVE;
				CLANG_CXX_LANGUAGE_STANDARD = "gnu++20";
				CLANG_ENABLE_MODULES = YES;
				CLANG_ENABLE_OBJC_ARC = YES;
				CLANG_ENABLE_OBJC_WEAK = YES;
				CLANG_WARN_BLOCK_CAPTURE_AUTORELEASING = YES;
				CLANG_WARN_BOOL_CONVERSION = YES;
				CLANG_WARN_COMMA = YES;
				CLANG_WARN_CONSTANT_CONVERSION = YES;
				CLANG_WARN_DEPRECATED_OBJC_IMPLEMENTATIONS = YES;
				CLANG_WARN_DIRECT_OBJC_ISA_USAGE = YES_ERROR;
				CLANG_WARN_DOCUMENTATION_COMMENTS = YES;
				CLANG_WARN_EMPTY_BODY = YES;
				CLANG_WARN_ENUM_CONVERSION = YES;
				CLANG_WARN_INFINITE_RECURSION = YES;
				CLANG_WARN_INT_CONVERSION = YES;
				CLANG_WARN_NON_LITERAL_NULL_CONVERSION = YES;
				CLANG_WARN_OBJC_IMPLICIT_RETAIN_SELF = YES;
				CLANG_WARN_OBJC_LITERAL_CONVERSION = YES;
				CLANG_WARN_OBJC_ROOT_CLASS = YES_ERROR;
				CLANG_WARN_QUOTED_INCLUDE_IN_FRAMEWORK_HEADER = YES;
				CLANG_WARN_RANGE_LOOP_ANALYSIS = YES;
				CLANG_WARN_STRICT_PROTOTYPES = YES;
				CLANG_WARN_SUSPICIOUS_MOVE = YES;
				CLANG_WARN_UNGUARDED_AVAILABILITY = YES_AGGRESSIVE;
				CLANG_WARN_UNREACHABLE_CODE = YES;
				CLANG_WARN__DUPLICATE_METHOD_MATCH = YES;
				COPY_PHASE_STRIP = NO;
				DEBUG_INFORMATION_FORMAT = "dwarf-with-dsym";
				ENABLE_NS_ASSERTIONS = NO;
				ENABLE_STRICT_OBJC_MSGSEND = YES;
				GCC_C_LANGUAGE_STANDARD = gnu11;
				GCC_NO_COMMON_BLOCKS = YES;
				GCC_WARN_64_TO_32_BIT_CONVERSION = YES;
				GCC_WARN_ABOUT_RETURN_TYPE = YES_ERROR;
				GCC_WARN_UNDECLARED_SELECTOR = YES;
				GCC_WARN_UNINITIALIZED_AUTOS = YES_AGGRESSIVE;
				GCC_WARN_UNUSED_FUNCTION = YES;
				GCC_WARN_UNUSED_VARIABLE = YES;
				MACOSX_DEPLOYMENT_TARGET = 13.3;
				MTL_ENABLE_DEBUG_INFO = NO;
				MTL_FAST_MATH = YES;
				SDKROOT = macosx;
			};
			name = Release;
		};
		46BB21202A8EEAEA006CECB1 /* Debug */ = {
			isa = XCBuildConfiguration;
			buildSettings = {
				CODE_SIGN_STYLE = Automatic;
				FRAMEWORK_SEARCH_PATHS = (
					"$(inherited)",
					"$(LOCAL_LIBRARY_DIR)/Frameworks",
				);
				PRODUCT_NAME = "$(TARGET_NAME)";
			};
			name = Debug;
		};
		46BB21212A8EEAEA006CECB1 /* Release */ = {
			isa = XCBuildConfiguration;
			buildSettings = {
				CODE_SIGN_STYLE = Automatic;
				FRAMEWORK_SEARCH_PATHS = (
					"$(inherited)",
					"$(LOCAL_LIBRARY_DIR)/Frameworks",
				);
				PRODUCT_NAME = "$(TARGET_NAME)";
			};
			name = Release;
		};
/* End XCBuildConfiguration section */

/* Begin XCConfigurationList section */
		46BB21132A8EEAEA006CECB1 /* Build configuration list for PBXProject "SDL_scrollbox" */ = {
			isa = XCConfigurationList;
			buildConfigurations = (
				46BB211D2A8EEAEA006CECB1 /* Debug */,
				46BB211E2A8EEAEA006CECB1 /* Release */,
			);
			defaultConfigurationIsVisible = 0;
			defaultConfigurationName = Release;
		};
		46BB211F2A8EEAEA006CECB1 /* Build configuration list for PBXNativeTarget "SDL_scrollbox" */ = {
			isa = XCConfigurationList;
			buildConfigurations = (
				46BB21202A8EEAEA006CECB1 /* Debug */,
				46BB21212A8EEAEA006CECB1 /* Release */,
			);
			defaultConfigurationIsVisible = 0;
			defaultConfigurationName = Release;
		};
/* End XCConfigurationList section */
	};
	rootObject = 46BB21102A8EEAEA006CECB1 /* Project object */;
}
